{
    "version": 3,
    "terraform_version": "0.7.3",
    "serial": 15,
    "lineage": "bd44184e-975c-4ad7-af9a-49026ca9394a",
    "modules": [
        {
            "path": [
                "root"
            ],
            "outputs": {
                "public_address": {
                    "sensitive": false,
                    "type": "string",
                    "value": "ec2-54-166-26-86.compute-1.amazonaws.com"
                },
                "public_addresses": {
                    "sensitive": false,
                    "type": "string",
                    "value": "ec2-54-166-26-86.compute-1.amazonaws.com"
                }
            },
            "resources": {
                "aws_instance.uppy-server": {
                    "type": "aws_instance",
                    "depends_on": [
                        "aws_key_pair.uppy-server"
                    ],
                    "primary": {
                        "id": "i-e0168a63",
                        "attributes": {
                            "ami": "ami-37bde352",
                            "availability_zone": "us-east-1e",
                            "disable_api_termination": "false",
                            "ebs_block_device.#": "0",
                            "ebs_optimized": "false",
                            "ephemeral_block_device.#": "0",
                            "iam_instance_profile": "",
                            "id": "i-e0168a63",
                            "instance_state": "running",
                            "instance_type": "c1.medium",
                            "key_name": "uppy-server",
                            "monitoring": "false",
                            "network_interface_id": "",
                            "private_dns": "ip-10-230-7-159.ec2.internal",
                            "private_ip": "10.230.7.159",
                            "public_dns": "ec2-54-166-26-86.compute-1.amazonaws.com",
                            "public_ip": "54.166.26.86",
                            "root_block_device.#": "1",
                            "root_block_device.0.delete_on_termination": "true",
                            "root_block_device.0.iops": "0",
                            "root_block_device.0.volume_size": "200",
                            "root_block_device.0.volume_type": "standard",
                            "security_groups.#": "1",
                            "security_groups.2616722396": "fw-uppy-server",
                            "source_dest_check": "true",
                            "subnet_id": "",
                            "tags.%": "1",
                            "tags.Name": "server.uppy.io",
                            "tenancy": "default",
                            "vpc_security_group_ids.#": "0"
                        },
                        "meta": {
                            "schema_version": "1"
                        },
                        "tainted": false
                    },
                    "deposed": [],
                    "provider": ""
                },
                "aws_key_pair.uppy-server": {
                    "type": "aws_key_pair",
                    "depends_on": [],
                    "primary": {
                        "id": "uppy-server",
                        "attributes": {
                            "fingerprint": "c3:71:d4:35:91:dd:66:5b:ff:27:3d:3b:9b:45:e9:95",
                            "id": "uppy-server",
                            "key_name": "uppy-server",
                            "public_key": "ssh-rsa AAAAB3NzaC1yc2EAAAADAQABAAABAQCzSdja3JuCox2liabXz1ZNLE8JLetOIaxbw7/Wjuv2mzatuq/o4dVJxwk6zk1wVBsRKcKJPaq0twyvzuE6Vhrh7nPSVX49GbBThhPeN4If0LP2zpJa01QVVZMhrYTUpKDaunT+uOVwdskvWX/8fH0zRkV8ddEuVXqGZQ6NzFHH8vYgThYgFqKjV/aC9rG2tU3X27ochZfGIBYEWtKdabdHHgrNCgZPY9Pc34rYXccR8aa/PD0mjJ9WWQ6hlshGR/2mSSCVTHW0OkIr11IXHg1AJrRuFbGnDI0T+cklHRmdJA14QW5RY8zCLAEfYQ0GPM+SWNHaSKK/B6s6rUopDmbl kvz@uppy-server.freyproject.io"
                        },
                        "meta": {
                            "schema_version": "1"
                        },
                        "tainted": false
                    },
                    "deposed": [],
                    "provider": ""
                },
                "aws_route53_record.www": {
                    "type": "aws_route53_record",
                    "depends_on": [
                        "aws_instance.uppy-server"
                    ],
                    "primary": {
                        "id": "Z2BT9I2OMMPVLB_server.uppy.io_CNAME",
                        "attributes": {
                            "fqdn": "server.uppy.io",
                            "health_check_id": "",
                            "id": "Z2BT9I2OMMPVLB_server.uppy.io_CNAME",
                            "name": "server.uppy.io",
                            "records.#": "1",
                            "records.2636249652": "ec2-54-166-26-86.compute-1.amazonaws.com",
                            "set_identifier": "",
                            "ttl": "300",
                            "type": "CNAME",
                            "zone_id": "Z2BT9I2OMMPVLB"
                        },
                        "meta": {
                            "schema_version": "2"
                        },
                        "tainted": false
                    },
                    "deposed": [],
                    "provider": ""
                },
                "aws_security_group.fw-uppy-server": {
                    "type": "aws_security_group",
                    "depends_on": [],
                    "primary": {
                        "id": "sg-95e3eeff",
                        "attributes": {
                            "description": "Infra uppy-server",
                            "egress.#": "0",
                            "id": "sg-95e3eeff",
                            "ingress.#": "2",
                            "ingress.2541437006.cidr_blocks.#": "1",
                            "ingress.2541437006.cidr_blocks.0": "0.0.0.0/0",
                            "ingress.2541437006.from_port": "22",
                            "ingress.2541437006.protocol": "tcp",
                            "ingress.2541437006.security_groups.#": "0",
                            "ingress.2541437006.self": "false",
                            "ingress.2541437006.to_port": "22",
                            "ingress.2552146363.cidr_blocks.#": "1",
                            "ingress.2552146363.cidr_blocks.0": "0.0.0.0/0",
                            "ingress.2552146363.from_port": "3020",
                            "ingress.2552146363.protocol": "tcp",
                            "ingress.2552146363.security_groups.#": "0",
                            "ingress.2552146363.self": "false",
                            "ingress.2552146363.to_port": "3020",
                            "name": "fw-uppy-server",
                            "owner_id": "402421253186",
                            "tags.%": "0",
                            "vpc_id": ""
                        },
                        "meta": {},
                        "tainted": false
                    },
                    "deposed": [],
                    "provider": ""
                }
            },
            "depends_on": []
        }
    ]
}
